dependencies:
- name: smoke
  repository: file://../smoke
  version: 0.1.0
- name: auth-authority
  repository: file://../auth-authority
  version: 0.1.0
- name: chaos-mesh
  repository: file://../chaos-mesh
  version: 0.1.0
- name: main-fleet
  repository: file://../main-fleet
  version: 0.1.0
- name: cms-mesh
  repository: file://../cms-mesh
  version: 0.1.0
- name: backend-ceph
  repository: file://../backend-ceph
  version: 0.1.0
- name: fuse-client
  repository: file://../fuse-client
  version: 0.1.0
- name: s3-forward
  repository: file://../s3-forward
  version: 0.1.0
- name: s3-gsi
  repository: file://../s3-gsi
  version: 0.1.0
digest: sha256:64299fac20f98e301342c22f53b5ad3c7048eaed55e68d5d6e42a4386d9095fa
generated: "2026-07-14T13:51:59.409146696+01:00"
