dependencies:
- name: brix-common
  repository: file://../brix-common
  version: 0.1.0
- name: topology-role
  repository: file://../topology-role
  version: 0.1.0
- name: topology-role
  repository: file://../topology-role
  version: 0.1.0
digest: sha256:f0c51c166ee13749c40db45d131c9ca03679b1f7db58e14a42c656e90fb8b348
generated: "2026-09-14T09:53:36.91885949+01:00"
